// !$*UTF8*$!
{
	archiveVersion = 1;
	classes = {
	};
	objectVersion = 56;
	objects = {

/* Begin PBXBuildFile section */
		19FD444E2B2E56F300384330 /* The_basics_on_IOSApp.swift in Sources */ = {isa = PBXBuildFile; fileRef = 19FD444D2B2E56F300384330 /* The_basics_on_IOSApp.swift */; };
		19FD44502B2E56F300384330 /* ContentView.swift in Sources */ = {isa = PBXBuildFile; fileRef = 19FD444F2B2E56F300384330 /* ContentView.swift */; };
		19FD44522B2E56F300384330 /* Item.swift in Sources */ = {isa = PBXBuildFile; fileRef = 19FD44512B2E56F300384330 /* Item.swift */; };
		19FD44542B2E56F300384330 /* Assets.xcassets in Resources */ = {isa = PBXBuildFile; fileRef = 19FD44532B2E56F300384330 /* Assets.xcassets */; };
		19FD44572B2E56F300384330 /* Preview Assets.xcassets in Resources */ = {isa = PBXBuildFile; fileRef = 19FD44562B2E56F300384330 /* Preview Assets.xcassets */; };
		19FD44612B2E56F400384330 /* The_basics_on_IOSTests.swift in Sources */ = {isa = PBXBuildFile; fileRef = 19FD44602B2E56F400384330 /* The_basics_on_IOSTests.swift */; };
		19FD446B2B2E56F400384330 /* The_basics_on_IOSUITests.swift in Sources */ = {isa = PBXBuildFile; fileRef = 19FD446A2B2E56F400384330 /* The_basics_on_IOSUITests.swift */; };
		19FD446D2B2E56F400384330 /* The_basics_on_IOSUITestsLaunchTests.swift in Sources */ = {isa = PBXBuildFile; fileRef = 19FD446C2B2E56F400384330 /* The_basics_on_IOSUITestsLaunchTests.swift */; };
/* End PBXBuildFile section */

/* Begin PBXContainerItemProxy section */
		19FD445D2B2E56F400384330 /* PBXContainerItemProxy */ = {
			isa = PBXContainerItemProxy;
			containerPortal = 19FD44422B2E56F300384330 /* Project object */;
			proxyType = 1;
			remoteGlobalIDString = 19FD44492B2E56F300384330;
			remoteInfo = "The basics on IOS";
		};
		19FD44672B2E56F400384330 /* PBXContainerItemProxy */ = {
			isa = PBXContainerItemProxy;
			containerPortal = 19FD44422B2E56F300384330 /* Project object */;
			proxyType = 1;
			remoteGlobalIDString = 19FD44492B2E56F300384330;
			remoteInfo = "The basics on IOS";
		};
/* End PBXContainerItemProxy section */

/* Begin PBXFileReference section */
		19FD444A2B2E56F300384330 /* The basics on IOS.app */ = {isa = PBXFileReference; explicitFileType = wrapper.application; includeInIndex = 0; path = "The basics on IOS.app"; sourceTree = BUILT_PRODUCTS_DIR; };
		19FD444D2B2E56F300384330 /* The_basics_on_IOSApp.swift */ = {isa = PBXFileReference; lastKnownFileType = sourcecode.swift; path = The_basics_on_IOSApp.swift; sourceTree = "<group>"; };
		19FD444F2B2E56F300384330 /* ContentView.swift */ = {isa = PBXFileReference; lastKnownFileType = sourcecode.swift; path = ContentView.swift; sourceTree = "<group>"; };
		19FD44512B2E56F300384330 /* Item.swift */ = {isa = PBXFileReference; lastKnownFileType = sourcecode.swift; path = Item.swift; sourceTree = "<group>"; };
		19FD44532B2E56F300384330 /* Assets.xcassets */ = {isa = PBXFileReference; lastKnownFileType = folder.assetcatalog; path = Assets.xcassets; sourceTree = "<group>"; };
		19FD44562B2E56F300384330 /* Preview Assets.xcassets */ = {isa = PBXFileReference; lastKnownFileType = folder.assetcatalog; path = "Preview Assets.xcassets"; sourceTree = "<group>"; };
		19FD445C2B2E56F400384330 /* The basics on IOSTests.xctest */ = {isa = PBXFileReference; explicitFileType = wrapper.cfbundle; includeInIndex = 0; path = "The basics on IOSTests.xctest"; sourceTree = BUILT_PRODUCTS_DIR; };
		19FD44602B2E56F400384330 /* The_basics_on_IOSTests.swift */ = {isa = PBXFileReference; lastKnownFileType = sourcecode.swift; path = The_basics_on_IOSTests.swift; sourceTree = "<group>"; };
		19FD44662B2E56F400384330 /* The basics on IOSUITests.xctest */ = {isa = PBXFileReference; explicitFileType = wrapper.cfbundle; includeInIndex = 0; path = "The basics on IOSUITests.xctest"; sourceTree = BUILT_PRODUCTS_DIR; };
		19FD446A2B2E56F400384330 /* The_basics_on_IOSUITests.swift */ = {isa = PBXFileReference; lastKnownFileType = sourcecode.swift; path = The_basics_on_IOSUITests.swift; sourceTree = "<group>"; };
		19FD446C2B2E56F400384330 /* The_basics_on_IOSUITestsLaunchTests.swift */ = {isa = PBXFileReference; lastKnownFileType = sourcecode.swift; path = The_basics_on_IOSUITestsLaunchTests.swift; sourceTree = "<group>"; };
/* End PBXFileReference section */

/* Begin PBXFrameworksBuildPhase section */
		19FD44472B2E56F300384330 /* Frameworks */ = {
			isa = PBXFrameworksBuildPhase;
			buildActionMask = 2147483647;
			files = (
			);
			runOnlyForDeploymentPostprocessing = 0;
		};
		19FD44592B2E56F400384330 /* Frameworks */ = {
			isa = PBXFrameworksBuildPhase;
			buildActionMask = 2147483647;
			files = (
			);
			runOnlyForDeploymentPostprocessing = 0;
		};
		19FD44632B2E56F400384330 /* Frameworks */ = {
			isa = PBXFrameworksBuildPhase;
			buildActionMask = 2147483647;
			files = (
			);
			runOnlyForDeploymentPostprocessing = 0;
		};
/* End PBXFrameworksBuildPhase section */

/* Begin PBXGroup section */
		19FD44412B2E56F300384330 = {
			isa = PBXGroup;
			children = (
				19FD444C2B2E56F300384330 /* The basics on IOS */,
				19FD445F2B2E56F400384330 /* The basics on IOSTests */,
				19FD44692B2E56F400384330 /* The basics on IOSUITests */,
				19FD444B2B2E56F300384330 /* Products */,
			);
			sourceTree = "<group>";
		};
		19FD444B2B2E56F300384330 /* Products */ = {
			isa = PBXGroup;
			children = (
				19FD444A2B2E56F300384330 /* The basics on IOS.app */,
				19FD445C2B2E56F400384330 /* The basics on IOSTests.xctest */,
				19FD44662B2E56F400384330 /* The basics on IOSUITests.xctest */,
			);
			name = Products;
			sourceTree = "<group>";
		};
		19FD444C2B2E56F300384330 /* The basics on IOS */ = {
			isa = PBXGroup;
			children = (
				19FD444D2B2E56F300384330 /* The_basics_on_IOSApp.swift */,
				19FD444F2B2E56F300384330 /* ContentView.swift */,
				19FD44512B2E56F300384330 /* Item.swift */,
				19FD44532B2E56F300384330 /* Assets.xcassets */,
				19FD44552B2E56F300384330 /* Preview Content */,
			);
			path = "The basics on IOS";
			sourceTree = "<group>";
		};
		19FD44552B2E56F300384330 /* Preview Content */ = {
			isa = PBXGroup;
			children = (
				19FD44562B2E56F300384330 /* Preview Assets.xcassets */,
			);
			path = "Preview Content";
			sourceTree = "<group>";
		};
		19FD445F2B2E56F400384330 /* The basics on IOSTests */ = {
			isa = PBXGroup;
			children = (
				19FD44602B2E56F400384330 /* The_basics_on_IOSTests.swift */,
			);
			path = "The basics on IOSTests";
			sourceTree = "<group>";
		};
		19FD44692B2E56F400384330 /* The basics on IOSUITests */ = {
			isa = PBXGroup;
			children = (
				19FD446A2B2E56F400384330 /* The_basics_on_IOSUITests.swift */,
				19FD446C2B2E56F400384330 /* The_basics_on_IOSUITestsLaunchTests.swift */,
			);
			path = "The basics on IOSUITests";
			sourceTree = "<group>";
		};
/* End PBXGroup section */

/* Begin PBXNativeTarget section */
		19FD44492B2E56F300384330 /* The basics on IOS */ = {
			isa = PBXNativeTarget;
			buildConfigurationList = 19FD44702B2E56F400384330 /* Build configuration list for PBXNativeTarget "The basics on IOS" */;
			buildPhases = (
				19FD44462B2E56F300384330 /* Sources */,
				19FD44472B2E56F300384330 /* Frameworks */,
				19FD44482B2E56F300384330 /* Resources */,
			);
			buildRules = (
			);
			dependencies = (
			);
			name = "The basics on IOS";
			productName = "The basics on IOS";
			productReference = 19FD444A2B2E56F300384330 /* The basics on IOS.app */;
			productType = "com.apple.product-type.application";
		};
		19FD445B2B2E56F400384330 /* The basics on IOSTests */ = {
			isa = PBXNativeTarget;
			buildConfigurationList = 19FD44732B2E56F400384330 /* Build configuration list for PBXNativeTarget "The basics on IOSTests" */;
			buildPhases = (
				19FD44582B2E56F400384330 /* Sources */,
				19FD44592B2E56F400384330 /* Frameworks */,
				19FD445A2B2E56F400384330 /* Resources */,
			);
			buildRules = (
			);
			dependencies = (
				19FD445E2B2E56F400384330 /* PBXTargetDependency */,
			);
			name = "The basics on IOSTests";
			productName = "The basics on IOSTests";
			productReference = 19FD445C2B2E56F400384330 /* The basics on IOSTests.xctest */;
			productType = "com.apple.product-type.bundle.unit-test";
		};
		19FD44652B2E56F400384330 /* The basics on IOSUITests */ = {
			isa = PBXNativeTarget;
			buildConfigurationList = 19FD44762B2E56F400384330 /* Build configuration list for PBXNativeTarget "The basics on IOSUITests" */;
			buildPhases = (
				19FD44622B2E56F400384330 /* Sources */,
				19FD44632B2E56F400384330 /* Frameworks */,
				19FD44642B2E56F400384330 /* Resources */,
			);
			buildRules = (
			);
			dependencies = (
				19FD44682B2E56F400384330 /* PBXTargetDependency */,
			);
			name = "The basics on IOSUITests";
			productName = "The basics on IOSUITests";
			productReference = 19FD44662B2E56F400384330 /* The basics on IOSUITests.xctest */;
			productType = "com.apple.product-type.bundle.ui-testing";
		};
/* End PBXNativeTarget section */

/* Begin PBXProject section */
		19FD44422B2E56F300384330 /* Project object */ = {
			isa = PBXProject;
			attributes = {
				BuildIndependentTargetsInParallel = 1;
				LastSwiftUpdateCheck = 1500;
				LastUpgradeCheck = 1500;
				TargetAttributes = {
					19FD44492B2E56F300384330 = {
						CreatedOnToolsVersion = 15.0.1;
					};
					19FD445B2B2E56F400384330 = {
						CreatedOnToolsVersion = 15.0.1;
						TestTargetID = 19FD44492B2E56F300384330;
					};
					19FD44652B2E56F400384330 = {
						CreatedOnToolsVersion = 15.0.1;
						TestTargetID = 19FD44492B2E56F300384330;
					};
				};
			};
			buildConfigurationList = 19FD44452B2E56F300384330 /* Build configuration list for PBXProject "The basics on IOS" */;
			compatibilityVersion = "Xcode 14.0";
			developmentRegion = en;
			hasScannedForEncodings = 0;
			knownRegions = (
				en,
				Base,
			);
			mainGroup = 19FD44412B2E56F300384330;
			productRefGroup = 19FD444B2B2E56F300384330 /* Products */;
			projectDirPath = "";
			projectRoot = "";
			targets = (
				19FD44492B2E56F300384330 /* The basics on IOS */,
				19FD445B2B2E56F400384330 /* The basics on IOSTests */,
				19FD44652B2E56F400384330 /* The basics on IOSUITests */,
			);
		};
/* End PBXProject section */

/* Begin PBXResourcesBuildPhase section */
		19FD44482B2E56F300384330 /* Resources */ = {
			isa = PBXResourcesBuildPhase;
			buildActionMask = 2147483647;
			files = (
				19FD44572B2E56F300384330 /* Preview Assets.xcassets in Resources */,
				19FD44542B2E56F300384330 /* Assets.xcassets in Resources */,
			);
			runOnlyForDeploymentPostprocessing = 0;
		};
		19FD445A2B2E56F400384330 /* Resources */ = {
			isa = PBXResourcesBuildPhase;
			buildActionMask = 2147483647;
			files = (
			);
			runOnlyForDeploymentPostprocessing = 0;
		};
		19FD44642B2E56F400384330 /* Resources */ = {
			isa = PBXResourcesBuildPhase;
			buildActionMask = 2147483647;
			files = (
			);
			runOnlyForDeploymentPostprocessing = 0;
		};
/* End PBXResourcesBuildPhase section */

/* Begin PBXSourcesBuildPhase section */
		19FD44462B2E56F300384330 /* Sources */ = {
			isa = PBXSourcesBuildPhase;
			buildActionMask = 2147483647;
			files = (
				19FD44502B2E56F300384330 /* ContentView.swift in Sources */,
				19FD44522B2E56F300384330 /* Item.swift in Sources */,
				19FD444E2B2E56F300384330 /* The_basics_on_IOSApp.swift in Sources */,
			);
			runOnlyForDeploymentPostprocessing = 0;
		};
		19FD44582B2E56F400384330 /* Sources */ = {
			isa = PBXSourcesBuildPhase;
			buildActionMask = 2147483647;
			files = (
				19FD44612B2E56F400384330 /* The_basics_on_IOSTests.swift in Sources */,
			);
			runOnlyForDeploymentPostprocessing = 0;
		};
		19FD44622B2E56F400384330 /* Sources */ = {
			isa = PBXSourcesBuildPhase;
			buildActionMask = 2147483647;
			files = (
				19FD446D2B2E56F400384330 /* The_basics_on_IOSUITestsLaunchTests.swift in Sources */,
				19FD446B2B2E56F400384330 /* The_basics_on_IOSUITests.swift in Sources */,
			);
			runOnlyForDeploymentPostprocessing = 0;
		};
/* End PBXSourcesBuildPhase section */

/* Begin PBXTargetDependency section */
		19FD445E2B2E56F400384330 /* PBXTargetDependency */ = {
			isa = PBXTargetDependency;
			target = 19FD44492B2E56F300384330 /* The basics on IOS */;
			targetProxy = 19FD445D2B2E56F400384330 /* PBXContainerItemProxy */;
		};
		19FD44682B2E56F400384330 /* PBXTargetDependency */ = {
			isa = PBXTargetDependency;
			target = 19FD44492B2E56F300384330 /* The basics on IOS */;
			targetProxy = 19FD44672B2E56F400384330 /* PBXContainerItemProxy */;
		};
/* End PBXTargetDependency section */

/* Begin XCBuildConfiguration section */
		19FD446E2B2E56F400384330 /* Debug */ = {
			isa = XCBuildConfiguration;
			buildSettings = {
				ALWAYS_SEARCH_USER_PATHS = NO;
				ASSETCATALOG_COMPILER_GENERATE_SWIFT_ASSET_SYMBOL_EXTENSIONS = YES;
				CLANG_ANALYZER_NONNULL = YES;
				CLANG_ANALYZER_NUMBER_OBJECT_CONVERSION = YES_AGGRESSIVE;
				CLANG_CXX_LANGUAGE_STANDARD = "gnu++20";
				CLANG_ENABLE_MODULES = YES;
				CLANG_ENABLE_OBJC_ARC = YES;
				CLANG_ENABLE_OBJC_WEAK = YES;
				CLANG_WARN_BLOCK_CAPTURE_AUTORELEASING = YES;
				CLANG_WARN_BOOL_CONVERSION = YES;
				CLANG_WARN_COMMA = YES;
				CLANG_WARN_CONSTANT_CONVERSION = YES;
				CLANG_WARN_DEPRECATED_OBJC_IMPLEMENTATIONS = YES;
				CLANG_WARN_DIRECT_OBJC_ISA_USAGE = YES_ERROR;
				CLANG_WARN_DOCUMENTATION_COMMENTS = YES;
				CLANG_WARN_EMPTY_BODY = YES;
				CLANG_WARN_ENUM_CONVERSION = YES;
				CLANG_WARN_INFINITE_RECURSION = YES;
				CLANG_WARN_INT_CONVERSION = YES;
				CLANG_WARN_NON_LITERAL_NULL_CONVERSION = YES;
				CLANG_WARN_OBJC_IMPLICIT_RETAIN_SELF = YES;
				CLANG_WARN_OBJC_LITERAL_CONVERSION = YES;
				CLANG_WARN_OBJC_ROOT_CLASS = YES_ERROR;
				CLANG_WARN_QUOTED_INCLUDE_IN_FRAMEWORK_HEADER = YES;
				CLANG_WARN_RANGE_LOOP_ANALYSIS = YES;
				CLANG_WARN_STRICT_PROTOTYPES = YES;
				CLANG_WARN_SUSPICIOUS_MOVE = YES;
				CLANG_WARN_UNGUARDED_AVAILABILITY = YES_AGGRESSIVE;
				CLANG_WARN_UNREACHABLE_CODE = YES;
				CLANG_WARN__DUPLICATE_METHOD_MATCH = YES;
				COPY_PHASE_STRIP = NO;
				DEBUG_INFORMATION_FORMAT = dwarf;
				ENABLE_STRICT_OBJC_MSGSEND = YES;
				ENABLE_TESTABILITY = YES;
				ENABLE_USER_SCRIPT_SANDBOXING = YES;
				GCC_C_LANGUAGE_STANDARD = gnu17;
				GCC_DYNAMIC_NO_PIC = NO;
				GCC_NO_COMMON_BLOCKS = YES;
				GCC_OPTIMIZATION_LEVEL = 0;
				GCC_PREPROCESSOR_DEFINITIONS = (
					"DEBUG=1",
					"$(inherited)",
				);
				GCC_WARN_64_TO_32_BIT_CONVERSION = YES;
				GCC_WARN_ABOUT_RETURN_TYPE = YES_ERROR;
				GCC_WARN_UNDECLARED_SELECTOR = YES;
				GCC_WARN_UNINITIALIZED_AUTOS = YES_AGGRESSIVE;
				GCC_WARN_UNUSED_FUNCTION = YES;
				GCC_WARN_UNUSED_VARIABLE = YES;
				IPHONEOS_DEPLOYMENT_TARGET = 17.0;
				LOCALIZATION_PREFERS_STRING_CATALOGS = YES;
				MTL_ENABLE_DEBUG_INFO = INCLUDE_SOURCE;
				MTL_FAST_MATH = YES;
				ONLY_ACTIVE_ARCH = YES;
				SDKROOT = iphoneos;
				SWIFT_ACTIVE_COMPILATION_CONDITIONS = "DEBUG $(inherited)";
				SWIFT_OPTIMIZATION_LEVEL = "-Onone";
			};
			name = Debug;
		};
		19FD446F2B2E56F400384330 /* Release */ = {
			isa = XCBuildConfiguration;
			buildSettings = {
				ALWAYS_SEARCH_USER_PATHS = NO;
				ASSETCATALOG_COMPILER_GENERATE_SWIFT_ASSET_SYMBOL_EXTENSIONS = YES;
				CLANG_ANALYZER_NONNULL = YES;
				CLANG_ANALYZER_NUMBER_OBJECT_CONVERSION = YES_AGGRESSIVE;
				CLANG_CXX_LANGUAGE_STANDARD = "gnu++20";
				CLANG_ENABLE_MODULES = YES;
				CLANG_ENABLE_OBJC_ARC = YES;
				CLANG_ENABLE_OBJC_WEAK = YES;
				CLANG_WARN_BLOCK_CAPTURE_AUTORELEASING = YES;
				CLANG_WARN_BOOL_CONVERSION = YES;
				CLANG_WARN_COMMA = YES;
				CLANG_WARN_CONSTANT_CONVERSION = YES;
				CLANG_WARN_DEPRECATED_OBJC_IMPLEMENTATIONS = YES;
				CLANG_WARN_DIRECT_OBJC_ISA_USAGE = YES_ERROR;
				CLANG_WARN_DOCUMENTATION_COMMENTS = YES;
				CLANG_WARN_EMPTY_BODY = YES;
				CLANG_WARN_ENUM_CONVERSION = YES;
				CLANG_WARN_INFINITE_RECURSION = YES;
				CLANG_WARN_INT_CONVERSION = YES;
				CLANG_WARN_NON_LITERAL_NULL_CONVERSION = YES;
				CLANG_WARN_OBJC_IMPLICIT_RETAIN_SELF = YES;
				CLANG_WARN_OBJC_LITERAL_CONVERSION = YES;
				CLANG_WARN_OBJC_ROOT_CLASS = YES_ERROR;
				CLANG_WARN_QUOTED_INCLUDE_IN_FRAMEWORK_HEADER = YES;
				CLANG_WARN_RANGE_LOOP_ANALYSIS = YES;
				CLANG_WARN_STRICT_PROTOTYPES = YES;
				CLANG_WARN_SUSPICIOUS_MOVE = YES;
				CLANG_WARN_UNGUARDED_AVAILABILITY = YES_AGGRESSIVE;
				CLANG_WARN_UNREACHABLE_CODE = YES;
				CLANG_WARN__DUPLICATE_METHOD_MATCH = YES;
				COPY_PHASE_STRIP = NO;
				DEBUG_INFORMATION_FORMAT = "dwarf-with-dsym";
				ENABLE_NS_ASSERTIONS = NO;
				ENABLE_STRICT_OBJC_MSGSEND = YES;
				ENABLE_USER_SCRIPT_SANDBOXING = YES;
				GCC_C_LANGUAGE_STANDARD = gnu17;
				GCC_NO_COMMON_BLOCKS = YES;
				GCC_WARN_64_TO_32_BIT_CONVERSION = YES;
				GCC_WARN_ABOUT_RETURN_TYPE = YES_ERROR;
				GCC_WARN_UNDECLARED_SELECTOR = YES;
				GCC_WARN_UNINITIALIZED_AUTOS = YES_AGGRESSIVE;
				GCC_WARN_UNUSED_FUNCTION = YES;
				GCC_WARN_UNUSED_VARIABLE = YES;
				IPHONEOS_DEPLOYMENT_TARGET = 17.0;
				LOCALIZATION_PREFERS_STRING_CATALOGS = YES;
				MTL_ENABLE_DEBUG_INFO = NO;
				MTL_FAST_MATH = YES;
				SDKROOT = iphoneos;
				SWIFT_COMPILATION_MODE = wholemodule;
				VALIDATE_PRODUCT = YES;
			};
			name = Release;
		};
		19FD44712B2E56F400384330 /* Debug */ = {
			isa = XCBuildConfiguration;
			buildSettings = {
				ASSETCATALOG_COMPILER_APPICON_NAME = AppIcon;
				ASSETCATALOG_COMPILER_GLOBAL_ACCENT_COLOR_NAME = AccentColor;
				CODE_SIGN_STYLE = Automatic;
				CURRENT_PROJECT_VERSION = 1;
				DEVELOPMENT_ASSET_PATHS = "\"The basics on IOS/Preview Content\"";
				ENABLE_PREVIEWS = YES;
				GENERATE_INFOPLIST_FILE = YES;
				INFOPLIST_KEY_UIApplicationSceneManifest_Generation = YES;
				INFOPLIST_KEY_UIApplicationSupportsIndirectInputEvents = YES;
				INFOPLIST_KEY_UILaunchScreen_Generation = YES;
				INFOPLIST_KEY_UISupportedInterfaceOrientations_iPad = "UIInterfaceOrientationPortrait UIInterfaceOrientationPortraitUpsideDown UIInterfaceOrientationLandscapeLeft UIInterfaceOrientationLandscapeRight";
				INFOPLIST_KEY_UISupportedInterfaceOrientations_iPhone = "UIInterfaceOrientationPortrait UIInterfaceOrientationLandscapeLeft UIInterfaceOrientationLandscapeRight";
				LD_RUNPATH_SEARCH_PATHS = (
					"$(inherited)",
					"@executable_path/Frameworks",
				);
				MARKETING_VERSION = 1.0;
				PRODUCT_BUNDLE_IDENTIFIER = "com.example.The-basics-on-IOS";
				PRODUCT_NAME = "$(TARGET_NAME)";
				SWIFT_EMIT_LOC_STRINGS = YES;
				SWIFT_VERSION = 5.0;
				TARGETED_DEVICE_FAMILY = "1,2";
			};
			name = Debug;
		};
		19FD44722B2E56F400384330 /* Release */ = {
			isa = XCBuildConfiguration;
			buildSettings = {
				ASSETCATALOG_COMPILER_APPICON_NAME = AppIcon;
				ASSETCATALOG_COMPILER_GLOBAL_ACCENT_COLOR_NAME = AccentColor;
				CODE_SIGN_STYLE = Automatic;
				CURRENT_PROJECT_VERSION = 1;
				DEVELOPMENT_ASSET_PATHS = "\"The basics on IOS/Preview Content\"";
				ENABLE_PREVIEWS = YES;
				GENERATE_INFOPLIST_FILE = YES;
				INFOPLIST_KEY_UIApplicationSceneManifest_Generation = YES;
				INFOPLIST_KEY_UIApplicationSupportsIndirectInputEvents = YES;
				INFOPLIST_KEY_UILaunchScreen_Generation = YES;
				INFOPLIST_KEY_UISupportedInterfaceOrientations_iPad = "UIInterfaceOrientationPortrait UIInterfaceOrientationPortraitUpsideDown UIInterfaceOrientationLandscapeLeft UIInterfaceOrientationLandscapeRight";
				INFOPLIST_KEY_UISupportedInterfaceOrientations_iPhone = "UIInterfaceOrientationPortrait UIInterfaceOrientationLandscapeLeft UIInterfaceOrientationLandscapeRight";
				LD_RUNPATH_SEARCH_PATHS = (
					"$(inherited)",
					"@executable_path/Frameworks",
				);
				MARKETING_VERSION = 1.0;
				PRODUCT_BUNDLE_IDENTIFIER = "com.example.The-basics-on-IOS";
				PRODUCT_NAME = "$(TARGET_NAME)";
				SWIFT_EMIT_LOC_STRINGS = YES;
				SWIFT_VERSION = 5.0;
				TARGETED_DEVICE_FAMILY = "1,2";
			};
			name = Release;
		};
		19FD44742B2E56F400384330 /* Debug */ = {
			isa = XCBuildConfiguration;
			buildSettings = {
				ALWAYS_EMBED_SWIFT_STANDARD_LIBRARIES = YES;
				BUNDLE_LOADER = "$(TEST_HOST)";
				CODE_SIGN_STYLE = Automatic;
				CURRENT_PROJECT_VERSION = 1;
				GENERATE_INFOPLIST_FILE = YES;
				IPHONEOS_DEPLOYMENT_TARGET = 17.0;
				MARKETING_VERSION = 1.0;
				PRODUCT_BUNDLE_IDENTIFIER = "com.example.The-basics-on-IOSTests";
				PRODUCT_NAME = "$(TARGET_NAME)";
				SWIFT_EMIT_LOC_STRINGS = NO;
				SWIFT_VERSION = 5.0;
				TARGETED_DEVICE_FAMILY = "1,2";
				TEST_HOST = "$(BUILT_PRODUCTS_DIR)/The basics on IOS.app/$(BUNDLE_EXECUTABLE_FOLDER_PATH)/The basics on IOS";
			};
			name = Debug;
		};
		19FD44752B2E56F400384330 /* Release */ = {
			isa = XCBuildConfiguration;
			buildSettings = {
				ALWAYS_EMBED_SWIFT_STANDARD_LIBRARIES = YES;
				BUNDLE_LOADER = "$(TEST_HOST)";
				CODE_SIGN_STYLE = Automatic;
				CURRENT_PROJECT_VERSION = 1;
				GENERATE_INFOPLIST_FILE = YES;
				IPHONEOS_DEPLOYMENT_TARGET = 17.0;
				MARKETING_VERSION = 1.0;
				PRODUCT_BUNDLE_IDENTIFIER = "com.example.The-basics-on-IOSTests";
				PRODUCT_NAME = "$(TARGET_NAME)";
				SWIFT_EMIT_LOC_STRINGS = NO;
				SWIFT_VERSION = 5.0;
				TARGETED_DEVICE_FAMILY = "1,2";
				TEST_HOST = "$(BUILT_PRODUCTS_DIR)/The basics on IOS.app/$(BUNDLE_EXECUTABLE_FOLDER_PATH)/The basics on IOS";
			};
			name = Release;
		};
		19FD44772B2E56F400384330 /* Debug */ = {
			isa = XCBuildConfiguration;
			buildSettings = {
				ALWAYS_EMBED_SWIFT_STANDARD_LIBRARIES = YES;
				CODE_SIGN_STYLE = Automatic;
				CURRENT_PROJECT_VERSION = 1;
				GENERATE_INFOPLIST_FILE = YES;
				MARKETING_VERSION = 1.0;
				PRODUCT_BUNDLE_IDENTIFIER = "com.example.The-basics-on-IOSUITests";
				PRODUCT_NAME = "$(TARGET_NAME)";
				SWIFT_EMIT_LOC_STRINGS = NO;
				SWIFT_VERSION = 5.0;
				TARGETED_DEVICE_FAMILY = "1,2";
				TEST_TARGET_NAME = "The basics on IOS";
			};
			name = Debug;
		};
		19FD44782B2E56F400384330 /* Release */ = {
			isa = XCBuildConfiguration;
			buildSettings = {
				ALWAYS_EMBED_SWIFT_STANDARD_LIBRARIES = YES;
				CODE_SIGN_STYLE = Automatic;
				CURRENT_PROJECT_VERSION = 1;
				GENERATE_INFOPLIST_FILE = YES;
				MARKETING_VERSION = 1.0;
				PRODUCT_BUNDLE_IDENTIFIER = "com.example.The-basics-on-IOSUITests";
				PRODUCT_NAME = "$(TARGET_NAME)";
				SWIFT_EMIT_LOC_STRINGS = NO;
				SWIFT_VERSION = 5.0;
				TARGETED_DEVICE_FAMILY = "1,2";
				TEST_TARGET_NAME = "The basics on IOS";
			};
			name = Release;
		};
/* End XCBuildConfiguration section */

/* Begin XCConfigurationList section */
		19FD44452B2E56F300384330 /* Build configuration list for PBXProject "The basics on IOS" */ = {
			isa = XCConfigurationList;
			buildConfigurations = (
				19FD446E2B2E56F400384330 /* Debug */,
				19FD446F2B2E56F400384330 /* Release */,
			);
			defaultConfigurationIsVisible = 0;
			defaultConfigurationName = Release;
		};
		19FD44702B2E56F400384330 /* Build configuration list for PBXNativeTarget "The basics on IOS" */ = {
			isa = XCConfigurationList;
			buildConfigurations = (
				19FD44712B2E56F400384330 /* Debug */,
				19FD44722B2E56F400384330 /* Release */,
			);
			defaultConfigurationIsVisible = 0;
			defaultConfigurationName = Release;
		};
		19FD44732B2E56F400384330 /* Build configuration list for PBXNativeTarget "The basics on IOSTests" */ = {
			isa = XCConfigurationList;
			buildConfigurations = (
				19FD44742B2E56F400384330 /* Debug */,
				19FD44752B2E56F400384330 /* Release */,
			);
			defaultConfigurationIsVisible = 0;
			defaultConfigurationName = Release;
		};
		19FD44762B2E56F400384330 /* Build configuration list for PBXNativeTarget "The basics on IOSUITests" */ = {
			isa = XCConfigurationList;
			buildConfigurations = (
				19FD44772B2E56F400384330 /* Debug */,
				19FD44782B2E56F400384330 /* Release */,
			);
			defaultConfigurationIsVisible = 0;
			defaultConfigurationName = Release;
		};
/* End XCConfigurationList section */
	};
	rootObject = 19FD44422B2E56F300384330 /* Project object */;
}
